
Microsoft Visual Studio Solution File, Format Version 12.00
# Visual Studio Version 16
VisualStudioVersion = 16.0.28922.388
MinimumVisualStudioVersion = 10.0.40219.1
Project("{FAE04EC0-301F-11D3-BF4B-00C04F79EFBC}") = "HarvestingFields", "HarvestingFields\HarvestingFields.csproj", "{AA8125EC-3ECE-4BA9-BA82-F02DF81ACBD4}"
EndProject
Global
	GlobalSection(SolutionConfigurationPlatforms) = preSolution
		Debug|Any CPU = Debug|Any CPU
		Release|Any CPU = Release|Any CPU
	EndGlobalSection
	GlobalSection(ProjectConfigurationPlatforms) = postSolution
		{AA8125EC-3ECE-4BA9-BA82-F02DF81ACBD4}.Debug|Any CPU.ActiveCfg = Debug|Any CPU
		{AA8125EC-3ECE-4BA9-BA82-F02DF81ACBD4}.Debug|Any CPU.Build.0 = Debug|Any CPU
		{AA8125EC-3ECE-4BA9-BA82-F02DF81ACBD4}.Release|Any CPU.ActiveCfg = Release|Any CPU
		{AA8125EC-3ECE-4BA9-BA82-F02DF81ACBD4}.Release|Any CPU.Build.0 = Release|Any CPU
	EndGlobalSection
	GlobalSection(SolutionProperties) = preSolution
		HideSolutionNode = FALSE
	EndGlobalSection
	GlobalSection(ExtensibilityGlobals) = postSolution
		SolutionGuid = {40685265-0CBD-4C3C-99E7-745E1F5827EA}
	EndGlobalSection
EndGlobal
