
Microsoft Visual Studio Solution File, Format Version 12.00
# Visual Studio Version 16
VisualStudioVersion = 16.0.28803.202
MinimumVisualStudioVersion = 10.0.40219.1
Project("{FAE04EC0-301F-11D3-BF4B-00C04F79EFBC}") = "Shapes", "Shapes\Shapes.csproj", "{5AA98C5A-B59A-46CC-A117-446161A00FDF}"
EndProject
Project("{FAE04EC0-301F-11D3-BF4B-00C04F79EFBC}") = "Cars", "Cars\Cars.csproj", "{0CACC7F0-FB40-4E65-BFE0-A96CFC8E2461}"
EndProject
Global
	GlobalSection(SolutionConfigurationPlatforms) = preSolution
		Debug|Any CPU = Debug|Any CPU
		Release|Any CPU = Release|Any CPU
	EndGlobalSection
	GlobalSection(ProjectConfigurationPlatforms) = postSolution
		{5AA98C5A-B59A-46CC-A117-446161A00FDF}.Debug|Any CPU.ActiveCfg = Debug|Any CPU
		{5AA98C5A-B59A-46CC-A117-446161A00FDF}.Debug|Any CPU.Build.0 = Debug|Any CPU
		{5AA98C5A-B59A-46CC-A117-446161A00FDF}.Release|Any CPU.ActiveCfg = Release|Any CPU
		{5AA98C5A-B59A-46CC-A117-446161A00FDF}.Release|Any CPU.Build.0 = Release|Any CPU
		{0CACC7F0-FB40-4E65-BFE0-A96CFC8E2461}.Debug|Any CPU.ActiveCfg = Debug|Any CPU
		{0CACC7F0-FB40-4E65-BFE0-A96CFC8E2461}.Debug|Any CPU.Build.0 = Debug|Any CPU
		{0CACC7F0-FB40-4E65-BFE0-A96CFC8E2461}.Release|Any CPU.ActiveCfg = Release|Any CPU
		{0CACC7F0-FB40-4E65-BFE0-A96CFC8E2461}.Release|Any CPU.Build.0 = Release|Any CPU
	EndGlobalSection
	GlobalSection(SolutionProperties) = preSolution
		HideSolutionNode = FALSE
	EndGlobalSection
	GlobalSection(ExtensibilityGlobals) = postSolution
		SolutionGuid = {08B7226E-CC46-4297-AF58-997FA5889E02}
	EndGlobalSection
EndGlobal
