
Microsoft Visual Studio Solution File, Format Version 12.00
# Visual Studio 15
VisualStudioVersion = 15.0.28307.489
MinimumVisualStudioVersion = 10.0.40219.1
Project("{9A19103F-16F7-4668-BE54-9A1E7A4F7556}") = "StorageMaster", "StorageMaster\StorageMaster.csproj", "{D4543A1C-4601-4B18-B0D5-DD69FBFE300B}"
EndProject
Project("{FAE04EC0-301F-11D3-BF4B-00C04F79EFBC}") = "StorageMester.Tests.Structure", "StorageMester.Tests.Structure\StorageMester.Tests.Structure.csproj", "{290079E8-BDE6-40E1-9322-DB38607F04DD}"
EndProject
Project("{FAE04EC0-301F-11D3-BF4B-00C04F79EFBC}") = "StorageMester. Tests.BusinessLogic", "StorageMester. Tests.BusinessLogic\StorageMester. Tests.BusinessLogic.csproj", "{8B6F7918-FF75-4392-A659-AFC02ACF59BE}"
EndProject
Global
	GlobalSection(SolutionConfigurationPlatforms) = preSolution
		Debug|Any CPU = Debug|Any CPU
		Release|Any CPU = Release|Any CPU
	EndGlobalSection
	GlobalSection(ProjectConfigurationPlatforms) = postSolution
		{D4543A1C-4601-4B18-B0D5-DD69FBFE300B}.Debug|Any CPU.ActiveCfg = Debug|Any CPU
		{D4543A1C-4601-4B18-B0D5-DD69FBFE300B}.Debug|Any CPU.Build.0 = Debug|Any CPU
		{D4543A1C-4601-4B18-B0D5-DD69FBFE300B}.Release|Any CPU.ActiveCfg = Release|Any CPU
		{D4543A1C-4601-4B18-B0D5-DD69FBFE300B}.Release|Any CPU.Build.0 = Release|Any CPU
		{290079E8-BDE6-40E1-9322-DB38607F04DD}.Debug|Any CPU.ActiveCfg = Debug|Any CPU
		{290079E8-BDE6-40E1-9322-DB38607F04DD}.Debug|Any CPU.Build.0 = Debug|Any CPU
		{290079E8-BDE6-40E1-9322-DB38607F04DD}.Release|Any CPU.ActiveCfg = Release|Any CPU
		{290079E8-BDE6-40E1-9322-DB38607F04DD}.Release|Any CPU.Build.0 = Release|Any CPU
		{8B6F7918-FF75-4392-A659-AFC02ACF59BE}.Debug|Any CPU.ActiveCfg = Debug|Any CPU
		{8B6F7918-FF75-4392-A659-AFC02ACF59BE}.Debug|Any CPU.Build.0 = Debug|Any CPU
		{8B6F7918-FF75-4392-A659-AFC02ACF59BE}.Release|Any CPU.ActiveCfg = Release|Any CPU
		{8B6F7918-FF75-4392-A659-AFC02ACF59BE}.Release|Any CPU.Build.0 = Release|Any CPU
	EndGlobalSection
	GlobalSection(SolutionProperties) = preSolution
		HideSolutionNode = FALSE
	EndGlobalSection
	GlobalSection(ExtensibilityGlobals) = postSolution
		SolutionGuid = {AC383087-B5DE-4160-8E94-187BC0A0AC79}
	EndGlobalSection
EndGlobal
