
Microsoft Visual Studio Solution File, Format Version 12.00
# Visual Studio Version 16
VisualStudioVersion = 16.0.28803.202
MinimumVisualStudioVersion = 10.0.40219.1
Project("{9A19103F-16F7-4668-BE54-9A1E7A4F7556}") = "Person", "Person\Person.csproj", "{E07448F8-6749-43A4-9CDD-785581E79CA3}"
EndProject
Project("{9A19103F-16F7-4668-BE54-9A1E7A4F7556}") = "BookShop", "BookShop\BookShop.csproj", "{601F28D9-ED59-4994-B24D-D694E2228597}"
EndProject
Project("{9A19103F-16F7-4668-BE54-9A1E7A4F7556}") = "Mankind", "Mankind\Mankind.csproj", "{C3DFF669-5244-4A1B-B05D-AD028329B8A6}"
EndProject
Project("{9A19103F-16F7-4668-BE54-9A1E7A4F7556}") = "OnlineRadioDatabase", "OnlineRadioDatabase\OnlineRadioDatabase.csproj", "{8405B821-463C-4E9F-8514-ECD17E22F958}"
EndProject
Project("{FAE04EC0-301F-11D3-BF4B-00C04F79EFBC}") = "MordorsCruelPlan", "MordorsCruelPlan\MordorsCruelPlan.csproj", "{AE1665C1-1D73-49A5-A5CB-4AA7EC2959C3}"
EndProject
Project("{FAE04EC0-301F-11D3-BF4B-00C04F79EFBC}") = "Animals", "Animals\Animals.csproj", "{91081BAE-E5FA-40AD-A169-2092B24CFEB6}"
EndProject
Global
	GlobalSection(SolutionConfigurationPlatforms) = preSolution
		Debug|Any CPU = Debug|Any CPU
		Release|Any CPU = Release|Any CPU
	EndGlobalSection
	GlobalSection(ProjectConfigurationPlatforms) = postSolution
		{E07448F8-6749-43A4-9CDD-785581E79CA3}.Debug|Any CPU.ActiveCfg = Debug|Any CPU
		{E07448F8-6749-43A4-9CDD-785581E79CA3}.Debug|Any CPU.Build.0 = Debug|Any CPU
		{E07448F8-6749-43A4-9CDD-785581E79CA3}.Release|Any CPU.ActiveCfg = Release|Any CPU
		{E07448F8-6749-43A4-9CDD-785581E79CA3}.Release|Any CPU.Build.0 = Release|Any CPU
		{601F28D9-ED59-4994-B24D-D694E2228597}.Debug|Any CPU.ActiveCfg = Debug|Any CPU
		{601F28D9-ED59-4994-B24D-D694E2228597}.Debug|Any CPU.Build.0 = Debug|Any CPU
		{601F28D9-ED59-4994-B24D-D694E2228597}.Release|Any CPU.ActiveCfg = Release|Any CPU
		{601F28D9-ED59-4994-B24D-D694E2228597}.Release|Any CPU.Build.0 = Release|Any CPU
		{C3DFF669-5244-4A1B-B05D-AD028329B8A6}.Debug|Any CPU.ActiveCfg = Debug|Any CPU
		{C3DFF669-5244-4A1B-B05D-AD028329B8A6}.Debug|Any CPU.Build.0 = Debug|Any CPU
		{C3DFF669-5244-4A1B-B05D-AD028329B8A6}.Release|Any CPU.ActiveCfg = Release|Any CPU
		{C3DFF669-5244-4A1B-B05D-AD028329B8A6}.Release|Any CPU.Build.0 = Release|Any CPU
		{8405B821-463C-4E9F-8514-ECD17E22F958}.Debug|Any CPU.ActiveCfg = Debug|Any CPU
		{8405B821-463C-4E9F-8514-ECD17E22F958}.Debug|Any CPU.Build.0 = Debug|Any CPU
		{8405B821-463C-4E9F-8514-ECD17E22F958}.Release|Any CPU.ActiveCfg = Release|Any CPU
		{8405B821-463C-4E9F-8514-ECD17E22F958}.Release|Any CPU.Build.0 = Release|Any CPU
		{AE1665C1-1D73-49A5-A5CB-4AA7EC2959C3}.Debug|Any CPU.ActiveCfg = Debug|Any CPU
		{AE1665C1-1D73-49A5-A5CB-4AA7EC2959C3}.Debug|Any CPU.Build.0 = Debug|Any CPU
		{AE1665C1-1D73-49A5-A5CB-4AA7EC2959C3}.Release|Any CPU.ActiveCfg = Release|Any CPU
		{AE1665C1-1D73-49A5-A5CB-4AA7EC2959C3}.Release|Any CPU.Build.0 = Release|Any CPU
		{91081BAE-E5FA-40AD-A169-2092B24CFEB6}.Debug|Any CPU.ActiveCfg = Debug|Any CPU
		{91081BAE-E5FA-40AD-A169-2092B24CFEB6}.Debug|Any CPU.Build.0 = Debug|Any CPU
		{91081BAE-E5FA-40AD-A169-2092B24CFEB6}.Release|Any CPU.ActiveCfg = Release|Any CPU
		{91081BAE-E5FA-40AD-A169-2092B24CFEB6}.Release|Any CPU.Build.0 = Release|Any CPU
	EndGlobalSection
	GlobalSection(SolutionProperties) = preSolution
		HideSolutionNode = FALSE
	EndGlobalSection
	GlobalSection(ExtensibilityGlobals) = postSolution
		SolutionGuid = {08215F75-8261-4E22-A61E-6B09094882B9}
	EndGlobalSection
EndGlobal
