
Microsoft Visual Studio Solution File, Format Version 12.00
# Visual Studio Version 16
VisualStudioVersion = 16.0.28803.202
MinimumVisualStudioVersion = 10.0.40219.1
Project("{FAE04EC0-301F-11D3-BF4B-00C04F79EFBC}") = "SingleInheritance", "SingleInheritance\SingleInheritance.csproj", "{F536BDF5-740E-4E0A-A45D-046C0E911160}"
EndProject
Project("{FAE04EC0-301F-11D3-BF4B-00C04F79EFBC}") = "MultipleInheritance", "MultipleInheritance\MultipleInheritance.csproj", "{E1701B59-04D5-4F73-97F7-15E649F73F51}"
EndProject
Project("{FAE04EC0-301F-11D3-BF4B-00C04F79EFBC}") = "HierarchicalInheritance", "HierarchicalInheritance\HierarchicalInheritance.csproj", "{3D792C6D-AAB9-4749-B3D7-B240263928EF}"
EndProject
Project("{FAE04EC0-301F-11D3-BF4B-00C04F79EFBC}") = "RandomList", "RandomList\RandomList.csproj", "{496BD193-8CF4-4DDB-B47A-D169A9A1C7EF}"
EndProject
Project("{FAE04EC0-301F-11D3-BF4B-00C04F79EFBC}") = "StackOfStrings", "StackOfStrings\StackOfStrings.csproj", "{1A5BCB96-3CA6-4553-A721-4A04062BE592}"
EndProject
Global
	GlobalSection(SolutionConfigurationPlatforms) = preSolution
		Debug|Any CPU = Debug|Any CPU
		Release|Any CPU = Release|Any CPU
	EndGlobalSection
	GlobalSection(ProjectConfigurationPlatforms) = postSolution
		{F536BDF5-740E-4E0A-A45D-046C0E911160}.Debug|Any CPU.ActiveCfg = Debug|Any CPU
		{F536BDF5-740E-4E0A-A45D-046C0E911160}.Debug|Any CPU.Build.0 = Debug|Any CPU
		{F536BDF5-740E-4E0A-A45D-046C0E911160}.Release|Any CPU.ActiveCfg = Release|Any CPU
		{F536BDF5-740E-4E0A-A45D-046C0E911160}.Release|Any CPU.Build.0 = Release|Any CPU
		{E1701B59-04D5-4F73-97F7-15E649F73F51}.Debug|Any CPU.ActiveCfg = Debug|Any CPU
		{E1701B59-04D5-4F73-97F7-15E649F73F51}.Debug|Any CPU.Build.0 = Debug|Any CPU
		{E1701B59-04D5-4F73-97F7-15E649F73F51}.Release|Any CPU.ActiveCfg = Release|Any CPU
		{E1701B59-04D5-4F73-97F7-15E649F73F51}.Release|Any CPU.Build.0 = Release|Any CPU
		{3D792C6D-AAB9-4749-B3D7-B240263928EF}.Debug|Any CPU.ActiveCfg = Debug|Any CPU
		{3D792C6D-AAB9-4749-B3D7-B240263928EF}.Debug|Any CPU.Build.0 = Debug|Any CPU
		{3D792C6D-AAB9-4749-B3D7-B240263928EF}.Release|Any CPU.ActiveCfg = Release|Any CPU
		{3D792C6D-AAB9-4749-B3D7-B240263928EF}.Release|Any CPU.Build.0 = Release|Any CPU
		{496BD193-8CF4-4DDB-B47A-D169A9A1C7EF}.Debug|Any CPU.ActiveCfg = Debug|Any CPU
		{496BD193-8CF4-4DDB-B47A-D169A9A1C7EF}.Debug|Any CPU.Build.0 = Debug|Any CPU
		{496BD193-8CF4-4DDB-B47A-D169A9A1C7EF}.Release|Any CPU.ActiveCfg = Release|Any CPU
		{496BD193-8CF4-4DDB-B47A-D169A9A1C7EF}.Release|Any CPU.Build.0 = Release|Any CPU
		{1A5BCB96-3CA6-4553-A721-4A04062BE592}.Debug|Any CPU.ActiveCfg = Debug|Any CPU
		{1A5BCB96-3CA6-4553-A721-4A04062BE592}.Debug|Any CPU.Build.0 = Debug|Any CPU
		{1A5BCB96-3CA6-4553-A721-4A04062BE592}.Release|Any CPU.ActiveCfg = Release|Any CPU
		{1A5BCB96-3CA6-4553-A721-4A04062BE592}.Release|Any CPU.Build.0 = Release|Any CPU
	EndGlobalSection
	GlobalSection(SolutionProperties) = preSolution
		HideSolutionNode = FALSE
	EndGlobalSection
	GlobalSection(ExtensibilityGlobals) = postSolution
		SolutionGuid = {CF68943A-A1FE-4F19-8872-DEF764181681}
	EndGlobalSection
EndGlobal
