
Microsoft Visual Studio Solution File, Format Version 12.00
# Visual Studio Version 16
VisualStudioVersion = 16.0.28803.156
MinimumVisualStudioVersion = 10.0.40219.1
Project("{FAE04EC0-301F-11D3-BF4B-00C04F79EFBC}") = "SingleInheritance", "SingleInheritance\SingleInheritance.csproj", "{136CA2E3-97AB-4264-9519-0E5FB62DE796}"
EndProject
Global
	GlobalSection(SolutionConfigurationPlatforms) = preSolution
		Debug|Any CPU = Debug|Any CPU
		Release|Any CPU = Release|Any CPU
	EndGlobalSection
	GlobalSection(ProjectConfigurationPlatforms) = postSolution
		{136CA2E3-97AB-4264-9519-0E5FB62DE796}.Debug|Any CPU.ActiveCfg = Debug|Any CPU
		{136CA2E3-97AB-4264-9519-0E5FB62DE796}.Debug|Any CPU.Build.0 = Debug|Any CPU
		{136CA2E3-97AB-4264-9519-0E5FB62DE796}.Release|Any CPU.ActiveCfg = Release|Any CPU
		{136CA2E3-97AB-4264-9519-0E5FB62DE796}.Release|Any CPU.Build.0 = Release|Any CPU
	EndGlobalSection
	GlobalSection(SolutionProperties) = preSolution
		HideSolutionNode = FALSE
	EndGlobalSection
	GlobalSection(ExtensibilityGlobals) = postSolution
		SolutionGuid = {592A2EFB-E936-4FA5-896C-C1E945513F6E}
	EndGlobalSection
EndGlobal
