
Microsoft Visual Studio Solution File, Format Version 12.00
# Visual Studio Version 16
VisualStudioVersion = 16.0.28803.156
MinimumVisualStudioVersion = 10.0.40219.1
Project("{9A19103F-16F7-4668-BE54-9A1E7A4F7556}") = "AnimalFarm", "AnimalFarm\AnimalFarm.csproj", "{9F3A2AD9-BD29-4728-B2DE-DF94C86E5B2B}"
EndProject
Project("{9A19103F-16F7-4668-BE54-9A1E7A4F7556}") = "ClassBoxDataValidation", "ClassBox\ClassBoxDataValidation.csproj", "{5C848251-F2F2-4DCB-BF28-0C3A12AC1FA7}"
EndProject
Project("{9A19103F-16F7-4668-BE54-9A1E7A4F7556}") = "ClassBox", "ClassBoxDataValidation\ClassBox.csproj", "{6FBB852A-B27E-4649-AC26-DD3ACEAD74D7}"
EndProject
Project("{9A19103F-16F7-4668-BE54-9A1E7A4F7556}") = "ShoppingSpree", "ShoppingSpree\ShoppingSpree.csproj", "{6E8A1049-B217-4CE3-BBBD-0B41F0C82FCB}"
EndProject
Project("{FAE04EC0-301F-11D3-BF4B-00C04F79EFBC}") = "PizzaCalories", "PizzaCalories\PizzaCalories.csproj", "{11F69CE9-E7D2-4FA8-8ABB-45D119D9699F}"
EndProject
Project("{FAE04EC0-301F-11D3-BF4B-00C04F79EFBC}") = "FootballTeamGenerator", "FootballTeamGenerator\FootballTeamGenerator.csproj", "{DA49F9B6-54C7-4C71-8C0C-ABF81743705B}"
EndProject
Global
	GlobalSection(SolutionConfigurationPlatforms) = preSolution
		Debug|Any CPU = Debug|Any CPU
		Release|Any CPU = Release|Any CPU
	EndGlobalSection
	GlobalSection(ProjectConfigurationPlatforms) = postSolution
		{9F3A2AD9-BD29-4728-B2DE-DF94C86E5B2B}.Debug|Any CPU.ActiveCfg = Debug|Any CPU
		{9F3A2AD9-BD29-4728-B2DE-DF94C86E5B2B}.Debug|Any CPU.Build.0 = Debug|Any CPU
		{9F3A2AD9-BD29-4728-B2DE-DF94C86E5B2B}.Release|Any CPU.ActiveCfg = Release|Any CPU
		{9F3A2AD9-BD29-4728-B2DE-DF94C86E5B2B}.Release|Any CPU.Build.0 = Release|Any CPU
		{5C848251-F2F2-4DCB-BF28-0C3A12AC1FA7}.Debug|Any CPU.ActiveCfg = Debug|Any CPU
		{5C848251-F2F2-4DCB-BF28-0C3A12AC1FA7}.Debug|Any CPU.Build.0 = Debug|Any CPU
		{5C848251-F2F2-4DCB-BF28-0C3A12AC1FA7}.Release|Any CPU.ActiveCfg = Release|Any CPU
		{5C848251-F2F2-4DCB-BF28-0C3A12AC1FA7}.Release|Any CPU.Build.0 = Release|Any CPU
		{6FBB852A-B27E-4649-AC26-DD3ACEAD74D7}.Debug|Any CPU.ActiveCfg = Debug|Any CPU
		{6FBB852A-B27E-4649-AC26-DD3ACEAD74D7}.Debug|Any CPU.Build.0 = Debug|Any CPU
		{6FBB852A-B27E-4649-AC26-DD3ACEAD74D7}.Release|Any CPU.ActiveCfg = Release|Any CPU
		{6FBB852A-B27E-4649-AC26-DD3ACEAD74D7}.Release|Any CPU.Build.0 = Release|Any CPU
		{6E8A1049-B217-4CE3-BBBD-0B41F0C82FCB}.Debug|Any CPU.ActiveCfg = Debug|Any CPU
		{6E8A1049-B217-4CE3-BBBD-0B41F0C82FCB}.Debug|Any CPU.Build.0 = Debug|Any CPU
		{6E8A1049-B217-4CE3-BBBD-0B41F0C82FCB}.Release|Any CPU.ActiveCfg = Release|Any CPU
		{6E8A1049-B217-4CE3-BBBD-0B41F0C82FCB}.Release|Any CPU.Build.0 = Release|Any CPU
		{11F69CE9-E7D2-4FA8-8ABB-45D119D9699F}.Debug|Any CPU.ActiveCfg = Debug|Any CPU
		{11F69CE9-E7D2-4FA8-8ABB-45D119D9699F}.Debug|Any CPU.Build.0 = Debug|Any CPU
		{11F69CE9-E7D2-4FA8-8ABB-45D119D9699F}.Release|Any CPU.ActiveCfg = Release|Any CPU
		{11F69CE9-E7D2-4FA8-8ABB-45D119D9699F}.Release|Any CPU.Build.0 = Release|Any CPU
		{DA49F9B6-54C7-4C71-8C0C-ABF81743705B}.Debug|Any CPU.ActiveCfg = Debug|Any CPU
		{DA49F9B6-54C7-4C71-8C0C-ABF81743705B}.Debug|Any CPU.Build.0 = Debug|Any CPU
		{DA49F9B6-54C7-4C71-8C0C-ABF81743705B}.Release|Any CPU.ActiveCfg = Release|Any CPU
		{DA49F9B6-54C7-4C71-8C0C-ABF81743705B}.Release|Any CPU.Build.0 = Release|Any CPU
	EndGlobalSection
	GlobalSection(SolutionProperties) = preSolution
		HideSolutionNode = FALSE
	EndGlobalSection
	GlobalSection(ExtensibilityGlobals) = postSolution
		SolutionGuid = {16C6B5F8-9855-4B2E-9C91-D9E4C8A8FC04}
	EndGlobalSection
EndGlobal
